# THIS IS AN AUTOGENERATED FILE. DO NOT EDIT THIS FILE DIRECTLY.
# yarn lockfile v1


"@react-native-picker/picker@^2.1.0":
  version "2.1.0"
  resolved "https://registry.yarnpkg.com/@react-native-picker/picker/-/picker-2.1.0.tgz#1ef22d4e9b2e555d44b43453f51a46d8631f3182"
  integrity sha512-iJ/QaDrBMBaW6cFuQyR3DXzcn2h7c5O7mGgmNLCBQHTTtLNBZR+Sxogy6YleFPeToNdysG5mTTkXqBmlWHMQqg==
